{
  "name": "untitled",
  "version": "0.1.0",
  "lockfileVersion": 1,
  "requires": true,
  "dependencies": {
    "@types/nanoid": {
      "version": "1.0.0",
      "resolved": "https://registry.npmjs.org/@types/nanoid/-/nanoid-1.0.0.tgz",
      "integrity": "sha512-iMZIqTO1KxByOtwG2abOp2fufp9+rnwzCnX5LWp+h4JyX8Fw9/vKOPJ35Po9HFReuiq2yDGl4qdKJ3KS/RF9Xw==",
      "requires": {
        "@types/node": "10.5.7"
      }
    },
    "@types/node": {
      "version": "10.5.7",
      "resolved": "https://registry.npmjs.org/@types/node/-/node-10.5.7.tgz",
      "integrity": "sha512-VkKcfuitP+Nc/TaTFH0B8qNmn+6NbI6crLkQonbedViVz7O2w8QV/GERPlkJ4bg42VGHiEWa31CoTOPs1q6z1w=="
    },
    "hoist-non-react-statics": {
      "version": "2.5.5",
      "resolved": "https://registry.npmjs.org/hoist-non-react-statics/-/hoist-non-react-statics-2.5.5.tgz",
      "integrity": "sha512-rqcy4pJo55FTTLWt+bU8ukscqHeE/e9KWvsOW2b/a3afxQZhwkQdT1rPPCJ0rYXdj4vNcasY8zHTH+jF/qStxw=="
    },
    "mobx": {
      "version": "5.0.3",
      "resolved": "https://registry.npmjs.org/mobx/-/mobx-5.0.3.tgz",
      "integrity": "sha1-U7l/Kg+bDdd3TJYkn4G/LVE9jhw="
    },
    "mobx-react": {
      "version": "5.2.3",
      "resolved": "https://registry.npmjs.org/mobx-react/-/mobx-react-5.2.3.tgz",
      "integrity": "sha512-OuSlF2nJEa1PGookZcZnINbvEK4iWNNYiqUh6aebk2AkWxj3sG8OafDOQMcMYApQALTHRsrBIjOx/K8TFxcz7w==",
      "requires": {
        "hoist-non-react-statics": "2.5.5",
        "react-lifecycles-compat": "3.0.4"
      }
    },
    "nanoid": {
      "version": "1.2.0",
      "resolved": "https://registry.npmjs.org/nanoid/-/nanoid-1.2.0.tgz",
      "integrity": "sha512-rJvd0q5Bq375+jrMAJh8vZk+0Q4lnHyuqZL2fbrc9moYy4DCld5VSycYLXvwFHbbut1+UcjA+fm0bq4ADVBYQg=="
    },
    "react-lifecycles-compat": {
      "version": "3.0.4",
      "resolved": "https://registry.npmjs.org/react-lifecycles-compat/-/react-lifecycles-compat-3.0.4.tgz",
      "integrity": "sha512-fBASbA6LnOU9dOU2eW7aQ8xmYBSXUIWr+UmF9b1efZBazGNO+rcXT/icdKnYm2pTwcRylVUYwW7H1PHfLekVzA=="
    }
  }
}
